
Microsoft Visual Studio Solution File, Format Version 12.00
# Visual Studio Version 17
VisualStudioVersion = 17.14.36603.0
MinimumVisualStudioVersion = 10.0.40219.1
Project("{FAE04EC0-301F-11D3-BF4B-00C04F79EFBC}") = "Jumbee.Console", "Jumbee.Console\Jumbee.Console.csproj", "{7B6E8F93-BF85-49B1-AC10-0B325BBC3E0A}"
EndProject
Project("{2150E333-8FDC-42A3-9474-1A3956D46DE8}") = "External", "External", "{02EA681E-C7D8-13C7-8484-4AC65E1B71E8}"
EndProject
Project("{FAE04EC0-301F-11D3-BF4B-00C04F79EFBC}") = "ConsoleGUI", "..\ext\C-sharp-console-gui-framework\ConsoleGUI\ConsoleGUI.csproj", "{87DE2B59-5AD1-E95D-0E65-F0B3F88012BF}"
EndProject
Project("{FAE04EC0-301F-11D3-BF4B-00C04F79EFBC}") = "Spectre.Console", "..\ext\spectre.console\src\Spectre.Console\Spectre.Console.csproj", "{5D091ADC-734A-965F-1D1B-E1B33540D2D6}"
EndProject
Project("{FAE04EC0-301F-11D3-BF4B-00C04F79EFBC}") = "Jumbee.Console.TestDemo", "..\tests\Jumbee.Console.TestDemo\Jumbee.Console.TestDemo.csproj", "{6FE2DE0E-97C9-4486-B664-90E8B45BC4CD}"
EndProject
Project("{2150E333-8FDC-42A3-9474-1A3956D46DE8}") = "Docs", "Docs", "{C9B2828B-DAC4-4D99-B75E-890596A0B988}"
	ProjectSection(SolutionItems) = preProject
		..\.gitignore = ..\.gitignore
		..\CHANGELOG.md = ..\CHANGELOG.md
		..\CLAUDE.md = ..\CLAUDE.md
		..\GEMINI.md = ..\GEMINI.md
		..\GETTING-STARTED.md = ..\GETTING-STARTED.md
		..\README.md = ..\README.md
		..\ext\RazorConsole.Core.Syntax\README.md = ..\ext\RazorConsole.Core.Syntax\README.md
		..\docs\README.md = ..\docs\README.md
	EndProjectSection
EndProject
Project("{2150E333-8FDC-42A3-9474-1A3956D46DE8}") = "Scripts", "Scripts", "{28E2EEB4-6314-439F-A73B-2B95203051D2}"
	ProjectSection(SolutionItems) = preProject
		..\.gitattributes = ..\.gitattributes
		..\build = ..\build
		..\build-docker.cmd = ..\build-docker.cmd
		..\build.cmd = ..\build.cmd
		Directory.Build.props = Directory.Build.props
		..\examples-aot.sh = ..\examples-aot.sh
		..\examples.cmd = ..\examples.cmd
		..\examples.sh = ..\examples.sh
		..\pack.ps1 = ..\pack.ps1
		..\testdemo = ..\testdemo
		..\testdemo.cmd = ..\testdemo.cmd
	EndProjectSection
EndProject
Project("{2150E333-8FDC-42A3-9474-1A3956D46DE8}") = "Libraries", "Libraries", "{8575CE18-ABF9-494C-9232-43E0F1E9BCE7}"
EndProject
Project("{2150E333-8FDC-42A3-9474-1A3956D46DE8}") = "Tests", "Tests", "{6ED98344-E90A-44C5-8EB8-CBA5F48FF975}"
EndProject
Project("{FAE04EC0-301F-11D3-BF4B-00C04F79EFBC}") = "Vezel.Cathode.AnsiControlSequenceBuilder", "..\ext\Vezel.Cathode.AnsiControlSequenceBuilder\Vezel.Cathode.AnsiControlSequenceBuilder.csproj", "{F06E1486-567B-281E-CBD1-BDE154B62599}"
EndProject
Project("{FAE04EC0-301F-11D3-BF4B-00C04F79EFBC}") = "NTokenizers.Extensions.Spectre.Console", "..\ext\NTokenizers.Extensions.Spectre.Console\src\NTokenizers.Extensions.Spectre.Console\NTokenizers.Extensions.Spectre.Console.csproj", "{25398AD3-8976-32C9-1147-CD22CDD1B5C0}"
EndProject
Project("{FAE04EC0-301F-11D3-BF4B-00C04F79EFBC}") = "RazorConsole.Core.Syntax", "..\ext\RazorConsole.Core.Syntax\RazorConsole.Core.Syntax.csproj", "{E3AF9742-7FC1-4A2C-A84D-C8F5A189E30F}"
EndProject
Project("{FAE04EC0-301F-11D3-BF4B-00C04F79EFBC}") = "Jumbee.Console.Snapshot", "Jumbee.Console.Snapshot\Jumbee.Console.Snapshot.csproj", "{398DEAA0-9E0F-4671-B497-61BE1B85763E}"
EndProject
Project("{FAE04EC0-301F-11D3-BF4B-00C04F79EFBC}") = "Jumbee.Console.Tests", "..\tests\Jumbee.Console.Tests\Jumbee.Console.Tests.csproj", "{5EF25934-E5E3-46A1-B942-165DD7A2F6A5}"
EndProject
Project("{FAE04EC0-301F-11D3-BF4B-00C04F79EFBC}") = "Jumbee.Console.Styles", "Jumbee.Console.Styles\Jumbee.Console.Styles.csproj", "{7B0A9702-3AE8-4483-B448-460AE6D708FB}"
EndProject
Project("{FAE04EC0-301F-11D3-BF4B-00C04F79EFBC}") = "VtNetCore", "..\ext\VtNetCore\VtNetCore\VtNetCore.csproj", "{74667034-0353-8731-5FF8-B3021C1CC1EF}"
EndProject
Project("{FAE04EC0-301F-11D3-BF4B-00C04F79EFBC}") = "VtNetCoreUnitTests", "..\ext\VtNetCore\VtNetCore.Unit.Tests\VtNetCoreUnitTests.csproj", "{3F619944-0D40-90AC-7C72-2FB8130468E1}"
EndProject
Project("{FAE04EC0-301F-11D3-BF4B-00C04F79EFBC}") = "Spectre.Console.Tests", "..\ext\spectre.console\src\Spectre.Console.Tests\Spectre.Console.Tests.csproj", "{5A1C4C04-4D5E-DAE1-EED9-2F5AE0CA35DD}"
EndProject
Project("{FAE04EC0-301F-11D3-BF4B-00C04F79EFBC}") = "Spectre.Console.Testing", "..\ext\spectre.console\src\Spectre.Console.Testing\Spectre.Console.Testing.csproj", "{E7F665E4-E993-0A28-21A5-15105DA9D386}"
EndProject
Project("{FAE04EC0-301F-11D3-BF4B-00C04F79EFBC}") = "Spectre.Console.Json", "..\ext\spectre.console\src\Extensions\Spectre.Console.Json\Spectre.Console.Json.csproj", "{D319446D-F0A8-AF32-5DCC-20DF5EEF7AFC}"
EndProject
Project("{2150E333-8FDC-42A3-9474-1A3956D46DE8}") = "Spectre.Console", "Spectre.Console", "{B3B94A11-FCE0-4D1F-87FE-48720F74920D}"
EndProject
Project("{FAE04EC0-301F-11D3-BF4B-00C04F79EFBC}") = "Jumbee.Console.Benchmarks", "..\tests\Jumbee.Console.Benchmarks\Jumbee.Console.Benchmarks.csproj", "{A311EE78-B991-49BD-88E7-B792515C2C24}"
EndProject
Project("{2150E333-8FDC-42A3-9474-1A3956D46DE8}") = "Examples", "Examples", "{4F600471-D58C-4C2C-89DF-1166AFF08905}"
EndProject
Project("{FAE04EC0-301F-11D3-BF4B-00C04F79EFBC}") = "Jumbee.Console.Examples", "..\examples\Jumbee.Console.Examples\Jumbee.Console.Examples.csproj", "{05EDFEE5-4FED-4B6C-8A9E-665EB461DEAA}"
EndProject
Project("{FAE04EC0-301F-11D3-BF4B-00C04F79EFBC}") = "ConsolePlot", "..\ext\ConsolePlot\src\ConsolePlot\ConsolePlot.csproj", "{5F1907A3-C6F4-E709-259B-075773F607AA}"
EndProject
Project("{FAE04EC0-301F-11D3-BF4B-00C04F79EFBC}") = "ColorCode.Core", "..\ext\ColorCode.Core\ColorCode.Core.csproj", "{2CFB3019-5000-49BF-B843-6342706AD3D0}"
EndProject
Project("{FAE04EC0-301F-11D3-BF4B-00C04F79EFBC}") = "Jumbee.Console.Documents", "Jumbee.Console.Documents\Jumbee.Console.Documents.csproj", "{25A98065-66F3-484B-9109-9F7FB71B1164}"
EndProject
Project("{FAE04EC0-301F-11D3-BF4B-00C04F79EFBC}") = "Jumbee.Console.IdeDemo", "..\examples\Jumbee.Console.IdeDemo\Jumbee.Console.IdeDemo.csproj", "{B5D25186-C2E6-4A06-B0BD-95A28B870F91}"
EndProject
Project("{FAE04EC0-301F-11D3-BF4B-00C04F79EFBC}") = "Jumbee.Console.AgentHarnessDemo", "..\examples\Jumbee.Console.AgentHarnessDemo\Jumbee.Console.AgentHarnessDemo.csproj", "{ECFDEFBF-9E78-40BC-86F7-97316A640D02}"
EndProject
Project("{FAE04EC0-301F-11D3-BF4B-00C04F79EFBC}") = "Jumbee.Console.Tests.NuGet", "..\tests\Jumbee.Console.Tests.NuGet\Jumbee.Console.Tests.NuGet.csproj", "{CCFDC7B0-9990-8B8C-778B-9D3AD1666F29}"
EndProject
Project("{2150E333-8FDC-42A3-9474-1A3956D46DE8}") = "getting-started", "getting-started", "{627ECFD0-E9A1-425A-B3AE-3803C7AC92EC}"
EndProject
Project("{2150E333-8FDC-42A3-9474-1A3956D46DE8}") = "package", "package", "{F66CB214-77BC-4202-95DC-AF4DD1703C43}"
	ProjectSection(SolutionItems) = preProject
		..\package\README.Documents.md = ..\package\README.Documents.md
		..\package\README.md = ..\package\README.md
		..\package\README.Snapshot.md = ..\package\README.Snapshot.md
	EndProjectSection
EndProject
Project("{2150E333-8FDC-42A3-9474-1A3956D46DE8}") = "examples", "examples", "{A3DE0DB1-7DC9-444B-8EFC-AEB65C273F7F}"
EndProject
Project("{2150E333-8FDC-42A3-9474-1A3956D46DE8}") = "NewsReaderDemo", "NewsReaderDemo", "{024B4E02-DE89-4C56-A64D-C9FDE0EE8C82}"
	ProjectSection(SolutionItems) = preProject
		..\examples\Jumbee.Console.NewsReaderDemo\README.md = ..\examples\Jumbee.Console.NewsReaderDemo\README.md
	EndProjectSection
EndProject
Project("{2150E333-8FDC-42A3-9474-1A3956D46DE8}") = "NewsReaderDemo", "NewsReaderDemo", "{4C83C951-031C-4109-AEC5-6746CCD3F4DC}"
EndProject
Project("{FAE04EC0-301F-11D3-BF4B-00C04F79EFBC}") = "NewsReaderDemo.Core", "..\examples\Jumbee.Console.NewsReaderDemo\NewsReaderDemo.Core\NewsReaderDemo.Core.csproj", "{BF54E1A6-CE03-273B-5964-0BD1E98D3185}"
EndProject
Project("{FAE04EC0-301F-11D3-BF4B-00C04F79EFBC}") = "NewsReaderDemo.App", "..\examples\Jumbee.Console.NewsReaderDemo\NewsReaderDemo.App\NewsReaderDemo.App.csproj", "{F37CCE7F-A958-DEC8-E5DF-A6E968A179F0}"
EndProject
Project("{FAE04EC0-301F-11D3-BF4B-00C04F79EFBC}") = "ScopeTui", "..\..\..\Users\Allister\Agents\jc-curious\scope-tui-r10\ScopeTui.csproj", "{2908182D-5647-5FF6-12B6-5FD0BA5D61C7}"
EndProject
Project("{FAE04EC0-301F-11D3-BF4B-00C04F79EFBC}") = "Jumbee.Console.AudioScopeDemo", "..\examples\Jumbee.Console.AudioScopeDemo\Jumbee.Console.AudioScopeDemo.csproj", "{46D57208-AB87-1161-1E91-6765217F4424}"
EndProject
Global
	GlobalSection(SolutionConfigurationPlatforms) = preSolution
		Debug|Any CPU = Debug|Any CPU
		Debug|x64 = Debug|x64
		Debug|x86 = Debug|x86
		Release|Any CPU = Release|Any CPU
		Release|x64 = Release|x64
		Release|x86 = Release|x86
	EndGlobalSection
	GlobalSection(ProjectConfigurationPlatforms) = postSolution
		{7B6E8F93-BF85-49B1-AC10-0B325BBC3E0A}.Debug|Any CPU.ActiveCfg = Debug|Any CPU
		{7B6E8F93-BF85-49B1-AC10-0B325BBC3E0A}.Debug|Any CPU.Build.0 = Debug|Any CPU
		{7B6E8F93-BF85-49B1-AC10-0B325BBC3E0A}.Debug|x64.ActiveCfg = Debug|Any CPU
		{7B6E8F93-BF85-49B1-AC10-0B325BBC3E0A}.Debug|x64.Build.0 = Debug|Any CPU
		{7B6E8F93-BF85-49B1-AC10-0B325BBC3E0A}.Debug|x86.ActiveCfg = Debug|Any CPU
		{7B6E8F93-BF85-49B1-AC10-0B325BBC3E0A}.Debug|x86.Build.0 = Debug|Any CPU
		{7B6E8F93-BF85-49B1-AC10-0B325BBC3E0A}.Release|Any CPU.ActiveCfg = Release|Any CPU
		{7B6E8F93-BF85-49B1-AC10-0B325BBC3E0A}.Release|Any CPU.Build.0 = Release|Any CPU
		{7B6E8F93-BF85-49B1-AC10-0B325BBC3E0A}.Release|x64.ActiveCfg = Release|Any CPU
		{7B6E8F93-BF85-49B1-AC10-0B325BBC3E0A}.Release|x64.Build.0 = Release|Any CPU
		{7B6E8F93-BF85-49B1-AC10-0B325BBC3E0A}.Release|x86.ActiveCfg = Release|Any CPU
		{7B6E8F93-BF85-49B1-AC10-0B325BBC3E0A}.Release|x86.Build.0 = Release|Any CPU
		{87DE2B59-5AD1-E95D-0E65-F0B3F88012BF}.Debug|Any CPU.ActiveCfg = Debug|Any CPU
		{87DE2B59-5AD1-E95D-0E65-F0B3F88012BF}.Debug|Any CPU.Build.0 = Debug|Any CPU
		{87DE2B59-5AD1-E95D-0E65-F0B3F88012BF}.Debug|x64.ActiveCfg = Debug|Any CPU
		{87DE2B59-5AD1-E95D-0E65-F0B3F88012BF}.Debug|x64.Build.0 = Debug|Any CPU
		{87DE2B59-5AD1-E95D-0E65-F0B3F88012BF}.Debug|x86.ActiveCfg = Debug|Any CPU
		{87DE2B59-5AD1-E95D-0E65-F0B3F88012BF}.Debug|x86.Build.0 = Debug|Any CPU
		{87DE2B59-5AD1-E95D-0E65-F0B3F88012BF}.Release|Any CPU.ActiveCfg = Release|Any CPU
		{87DE2B59-5AD1-E95D-0E65-F0B3F88012BF}.Release|Any CPU.Build.0 = Release|Any CPU
		{87DE2B59-5AD1-E95D-0E65-F0B3F88012BF}.Release|x64.ActiveCfg = Release|Any CPU
		{87DE2B59-5AD1-E95D-0E65-F0B3F88012BF}.Release|x64.Build.0 = Release|Any CPU
		{87DE2B59-5AD1-E95D-0E65-F0B3F88012BF}.Release|x86.ActiveCfg = Release|Any CPU
		{87DE2B59-5AD1-E95D-0E65-F0B3F88012BF}.Release|x86.Build.0 = Release|Any CPU
		{5D091ADC-734A-965F-1D1B-E1B33540D2D6}.Debug|Any CPU.ActiveCfg = Debug|Any CPU
		{5D091ADC-734A-965F-1D1B-E1B33540D2D6}.Debug|Any CPU.Build.0 = Debug|Any CPU
		{5D091ADC-734A-965F-1D1B-E1B33540D2D6}.Debug|x64.ActiveCfg = Debug|Any CPU
		{5D091ADC-734A-965F-1D1B-E1B33540D2D6}.Debug|x64.Build.0 = Debug|Any CPU
		{5D091ADC-734A-965F-1D1B-E1B33540D2D6}.Debug|x86.ActiveCfg = Debug|Any CPU
		{5D091ADC-734A-965F-1D1B-E1B33540D2D6}.Debug|x86.Build.0 = Debug|Any CPU
		{5D091ADC-734A-965F-1D1B-E1B33540D2D6}.Release|Any CPU.ActiveCfg = Release|Any CPU
		{5D091ADC-734A-965F-1D1B-E1B33540D2D6}.Release|Any CPU.Build.0 = Release|Any CPU
		{5D091ADC-734A-965F-1D1B-E1B33540D2D6}.Release|x64.ActiveCfg = Release|Any CPU
		{5D091ADC-734A-965F-1D1B-E1B33540D2D6}.Release|x64.Build.0 = Release|Any CPU
		{5D091ADC-734A-965F-1D1B-E1B33540D2D6}.Release|x86.ActiveCfg = Release|Any CPU
		{5D091ADC-734A-965F-1D1B-E1B33540D2D6}.Release|x86.Build.0 = Release|Any CPU
		{6FE2DE0E-97C9-4486-B664-90E8B45BC4CD}.Debug|Any CPU.ActiveCfg = Debug|Any CPU
		{6FE2DE0E-97C9-4486-B664-90E8B45BC4CD}.Debug|Any CPU.Build.0 = Debug|Any CPU
		{6FE2DE0E-97C9-4486-B664-90E8B45BC4CD}.Debug|x64.ActiveCfg = Debug|Any CPU
		{6FE2DE0E-97C9-4486-B664-90E8B45BC4CD}.Debug|x64.Build.0 = Debug|Any CPU
		{6FE2DE0E-97C9-4486-B664-90E8B45BC4CD}.Debug|x86.ActiveCfg = Debug|Any CPU
		{6FE2DE0E-97C9-4486-B664-90E8B45BC4CD}.Debug|x86.Build.0 = Debug|Any CPU
		{6FE2DE0E-97C9-4486-B664-90E8B45BC4CD}.Release|Any CPU.ActiveCfg = Release|Any CPU
		{6FE2DE0E-97C9-4486-B664-90E8B45BC4CD}.Release|Any CPU.Build.0 = Release|Any CPU
		{6FE2DE0E-97C9-4486-B664-90E8B45BC4CD}.Release|x64.ActiveCfg = Release|Any CPU
		{6FE2DE0E-97C9-4486-B664-90E8B45BC4CD}.Release|x64.Build.0 = Release|Any CPU
		{6FE2DE0E-97C9-4486-B664-90E8B45BC4CD}.Release|x86.ActiveCfg = Release|Any CPU
		{6FE2DE0E-97C9-4486-B664-90E8B45BC4CD}.Release|x86.Build.0 = Release|Any CPU
		{F06E1486-567B-281E-CBD1-BDE154B62599}.Debug|Any CPU.ActiveCfg = Debug|Any CPU
		{F06E1486-567B-281E-CBD1-BDE154B62599}.Debug|Any CPU.Build.0 = Debug|Any CPU
		{F06E1486-567B-281E-CBD1-BDE154B62599}.Debug|x64.ActiveCfg = Debug|Any CPU
		{F06E1486-567B-281E-CBD1-BDE154B62599}.Debug|x64.Build.0 = Debug|Any CPU
		{F06E1486-567B-281E-CBD1-BDE154B62599}.Debug|x86.ActiveCfg = Debug|Any CPU
		{F06E1486-567B-281E-CBD1-BDE154B62599}.Debug|x86.Build.0 = Debug|Any CPU
		{F06E1486-567B-281E-CBD1-BDE154B62599}.Release|Any CPU.ActiveCfg = Release|Any CPU
		{F06E1486-567B-281E-CBD1-BDE154B62599}.Release|Any CPU.Build.0 = Release|Any CPU
		{F06E1486-567B-281E-CBD1-BDE154B62599}.Release|x64.ActiveCfg = Release|Any CPU
		{F06E1486-567B-281E-CBD1-BDE154B62599}.Release|x64.Build.0 = Release|Any CPU
		{F06E1486-567B-281E-CBD1-BDE154B62599}.Release|x86.ActiveCfg = Release|Any CPU
		{F06E1486-567B-281E-CBD1-BDE154B62599}.Release|x86.Build.0 = Release|Any CPU
		{25398AD3-8976-32C9-1147-CD22CDD1B5C0}.Debug|Any CPU.ActiveCfg = Debug|Any CPU
		{25398AD3-8976-32C9-1147-CD22CDD1B5C0}.Debug|Any CPU.Build.0 = Debug|Any CPU
		{25398AD3-8976-32C9-1147-CD22CDD1B5C0}.Debug|x64.ActiveCfg = Debug|Any CPU
		{25398AD3-8976-32C9-1147-CD22CDD1B5C0}.Debug|x64.Build.0 = Debug|Any CPU
		{25398AD3-8976-32C9-1147-CD22CDD1B5C0}.Debug|x86.ActiveCfg = Debug|Any CPU
		{25398AD3-8976-32C9-1147-CD22CDD1B5C0}.Debug|x86.Build.0 = Debug|Any CPU
		{25398AD3-8976-32C9-1147-CD22CDD1B5C0}.Release|Any CPU.ActiveCfg = Release|Any CPU
		{25398AD3-8976-32C9-1147-CD22CDD1B5C0}.Release|Any CPU.Build.0 = Release|Any CPU
		{25398AD3-8976-32C9-1147-CD22CDD1B5C0}.Release|x64.ActiveCfg = Release|Any CPU
		{25398AD3-8976-32C9-1147-CD22CDD1B5C0}.Release|x64.Build.0 = Release|Any CPU
		{25398AD3-8976-32C9-1147-CD22CDD1B5C0}.Release|x86.ActiveCfg = Release|Any CPU
		{25398AD3-8976-32C9-1147-CD22CDD1B5C0}.Release|x86.Build.0 = Release|Any CPU
		{E3AF9742-7FC1-4A2C-A84D-C8F5A189E30F}.Debug|Any CPU.ActiveCfg = Debug|Any CPU
		{E3AF9742-7FC1-4A2C-A84D-C8F5A189E30F}.Debug|Any CPU.Build.0 = Debug|Any CPU
		{E3AF9742-7FC1-4A2C-A84D-C8F5A189E30F}.Debug|x64.ActiveCfg = Debug|Any CPU
		{E3AF9742-7FC1-4A2C-A84D-C8F5A189E30F}.Debug|x64.Build.0 = Debug|Any CPU
		{E3AF9742-7FC1-4A2C-A84D-C8F5A189E30F}.Debug|x86.ActiveCfg = Debug|Any CPU
		{E3AF9742-7FC1-4A2C-A84D-C8F5A189E30F}.Debug|x86.Build.0 = Debug|Any CPU
		{E3AF9742-7FC1-4A2C-A84D-C8F5A189E30F}.Release|Any CPU.ActiveCfg = Release|Any CPU
		{E3AF9742-7FC1-4A2C-A84D-C8F5A189E30F}.Release|Any CPU.Build.0 = Release|Any CPU
		{E3AF9742-7FC1-4A2C-A84D-C8F5A189E30F}.Release|x64.ActiveCfg = Release|Any CPU
		{E3AF9742-7FC1-4A2C-A84D-C8F5A189E30F}.Release|x64.Build.0 = Release|Any CPU
		{E3AF9742-7FC1-4A2C-A84D-C8F5A189E30F}.Release|x86.ActiveCfg = Release|Any CPU
		{E3AF9742-7FC1-4A2C-A84D-C8F5A189E30F}.Release|x86.Build.0 = Release|Any CPU
		{398DEAA0-9E0F-4671-B497-61BE1B85763E}.Debug|Any CPU.ActiveCfg = Debug|Any CPU
		{398DEAA0-9E0F-4671-B497-61BE1B85763E}.Debug|Any CPU.Build.0 = Debug|Any CPU
		{398DEAA0-9E0F-4671-B497-61BE1B85763E}.Debug|x64.ActiveCfg = Debug|Any CPU
		{398DEAA0-9E0F-4671-B497-61BE1B85763E}.Debug|x64.Build.0 = Debug|Any CPU
		{398DEAA0-9E0F-4671-B497-61BE1B85763E}.Debug|x86.ActiveCfg = Debug|Any CPU
		{398DEAA0-9E0F-4671-B497-61BE1B85763E}.Debug|x86.Build.0 = Debug|Any CPU
		{398DEAA0-9E0F-4671-B497-61BE1B85763E}.Release|Any CPU.ActiveCfg = Release|Any CPU
		{398DEAA0-9E0F-4671-B497-61BE1B85763E}.Release|Any CPU.Build.0 = Release|Any CPU
		{398DEAA0-9E0F-4671-B497-61BE1B85763E}.Release|x64.ActiveCfg = Release|Any CPU
		{398DEAA0-9E0F-4671-B497-61BE1B85763E}.Release|x64.Build.0 = Release|Any CPU
		{398DEAA0-9E0F-4671-B497-61BE1B85763E}.Release|x86.ActiveCfg = Release|Any CPU
		{398DEAA0-9E0F-4671-B497-61BE1B85763E}.Release|x86.Build.0 = Release|Any CPU
		{5EF25934-E5E3-46A1-B942-165DD7A2F6A5}.Debug|Any CPU.ActiveCfg = Debug|Any CPU
		{5EF25934-E5E3-46A1-B942-165DD7A2F6A5}.Debug|Any CPU.Build.0 = Debug|Any CPU
		{5EF25934-E5E3-46A1-B942-165DD7A2F6A5}.Debug|x64.ActiveCfg = Debug|Any CPU
		{5EF25934-E5E3-46A1-B942-165DD7A2F6A5}.Debug|x64.Build.0 = Debug|Any CPU
		{5EF25934-E5E3-46A1-B942-165DD7A2F6A5}.Debug|x86.ActiveCfg = Debug|Any CPU
		{5EF25934-E5E3-46A1-B942-165DD7A2F6A5}.Debug|x86.Build.0 = Debug|Any CPU
		{5EF25934-E5E3-46A1-B942-165DD7A2F6A5}.Release|Any CPU.ActiveCfg = Release|Any CPU
		{5EF25934-E5E3-46A1-B942-165DD7A2F6A5}.Release|Any CPU.Build.0 = Release|Any CPU
		{5EF25934-E5E3-46A1-B942-165DD7A2F6A5}.Release|x64.ActiveCfg = Release|Any CPU
		{5EF25934-E5E3-46A1-B942-165DD7A2F6A5}.Release|x64.Build.0 = Release|Any CPU
		{5EF25934-E5E3-46A1-B942-165DD7A2F6A5}.Release|x86.ActiveCfg = Release|Any CPU
		{5EF25934-E5E3-46A1-B942-165DD7A2F6A5}.Release|x86.Build.0 = Release|Any CPU
		{7B0A9702-3AE8-4483-B448-460AE6D708FB}.Debug|Any CPU.ActiveCfg = Debug|Any CPU
		{7B0A9702-3AE8-4483-B448-460AE6D708FB}.Debug|Any CPU.Build.0 = Debug|Any CPU
		{7B0A9702-3AE8-4483-B448-460AE6D708FB}.Debug|x64.ActiveCfg = Debug|Any CPU
		{7B0A9702-3AE8-4483-B448-460AE6D708FB}.Debug|x64.Build.0 = Debug|Any CPU
		{7B0A9702-3AE8-4483-B448-460AE6D708FB}.Debug|x86.ActiveCfg = Debug|Any CPU
		{7B0A9702-3AE8-4483-B448-460AE6D708FB}.Debug|x86.Build.0 = Debug|Any CPU
		{7B0A9702-3AE8-4483-B448-460AE6D708FB}.Release|Any CPU.ActiveCfg = Release|Any CPU
		{7B0A9702-3AE8-4483-B448-460AE6D708FB}.Release|Any CPU.Build.0 = Release|Any CPU
		{7B0A9702-3AE8-4483-B448-460AE6D708FB}.Release|x64.ActiveCfg = Release|Any CPU
		{7B0A9702-3AE8-4483-B448-460AE6D708FB}.Release|x64.Build.0 = Release|Any CPU
		{7B0A9702-3AE8-4483-B448-460AE6D708FB}.Release|x86.ActiveCfg = Release|Any CPU
		{7B0A9702-3AE8-4483-B448-460AE6D708FB}.Release|x86.Build.0 = Release|Any CPU
		{74667034-0353-8731-5FF8-B3021C1CC1EF}.Debug|Any CPU.ActiveCfg = Debug|Any CPU
		{74667034-0353-8731-5FF8-B3021C1CC1EF}.Debug|Any CPU.Build.0 = Debug|Any CPU
		{74667034-0353-8731-5FF8-B3021C1CC1EF}.Debug|x64.ActiveCfg = Debug|Any CPU
		{74667034-0353-8731-5FF8-B3021C1CC1EF}.Debug|x64.Build.0 = Debug|Any CPU
		{74667034-0353-8731-5FF8-B3021C1CC1EF}.Debug|x86.ActiveCfg = Debug|Any CPU
		{74667034-0353-8731-5FF8-B3021C1CC1EF}.Debug|x86.Build.0 = Debug|Any CPU
		{74667034-0353-8731-5FF8-B3021C1CC1EF}.Release|Any CPU.ActiveCfg = Release|Any CPU
		{74667034-0353-8731-5FF8-B3021C1CC1EF}.Release|Any CPU.Build.0 = Release|Any CPU
		{74667034-0353-8731-5FF8-B3021C1CC1EF}.Release|x64.ActiveCfg = Release|Any CPU
		{74667034-0353-8731-5FF8-B3021C1CC1EF}.Release|x64.Build.0 = Release|Any CPU
		{74667034-0353-8731-5FF8-B3021C1CC1EF}.Release|x86.ActiveCfg = Release|Any CPU
		{74667034-0353-8731-5FF8-B3021C1CC1EF}.Release|x86.Build.0 = Release|Any CPU
		{3F619944-0D40-90AC-7C72-2FB8130468E1}.Debug|Any CPU.ActiveCfg = Debug|Any CPU
		{3F619944-0D40-90AC-7C72-2FB8130468E1}.Debug|Any CPU.Build.0 = Debug|Any CPU
		{3F619944-0D40-90AC-7C72-2FB8130468E1}.Debug|x64.ActiveCfg = Debug|Any CPU
		{3F619944-0D40-90AC-7C72-2FB8130468E1}.Debug|x64.Build.0 = Debug|Any CPU
		{3F619944-0D40-90AC-7C72-2FB8130468E1}.Debug|x86.ActiveCfg = Debug|Any CPU
		{3F619944-0D40-90AC-7C72-2FB8130468E1}.Debug|x86.Build.0 = Debug|Any CPU
		{3F619944-0D40-90AC-7C72-2FB8130468E1}.Release|Any CPU.ActiveCfg = Release|Any CPU
		{3F619944-0D40-90AC-7C72-2FB8130468E1}.Release|Any CPU.Build.0 = Release|Any CPU
		{3F619944-0D40-90AC-7C72-2FB8130468E1}.Release|x64.ActiveCfg = Release|Any CPU
		{3F619944-0D40-90AC-7C72-2FB8130468E1}.Release|x64.Build.0 = Release|Any CPU
		{3F619944-0D40-90AC-7C72-2FB8130468E1}.Release|x86.ActiveCfg = Release|Any CPU
		{3F619944-0D40-90AC-7C72-2FB8130468E1}.Release|x86.Build.0 = Release|Any CPU
		{5A1C4C04-4D5E-DAE1-EED9-2F5AE0CA35DD}.Debug|Any CPU.ActiveCfg = Debug|Any CPU
		{5A1C4C04-4D5E-DAE1-EED9-2F5AE0CA35DD}.Debug|Any CPU.Build.0 = Debug|Any CPU
		{5A1C4C04-4D5E-DAE1-EED9-2F5AE0CA35DD}.Debug|x64.ActiveCfg = Debug|Any CPU
		{5A1C4C04-4D5E-DAE1-EED9-2F5AE0CA35DD}.Debug|x64.Build.0 = Debug|Any CPU
		{5A1C4C04-4D5E-DAE1-EED9-2F5AE0CA35DD}.Debug|x86.ActiveCfg = Debug|Any CPU
		{5A1C4C04-4D5E-DAE1-EED9-2F5AE0CA35DD}.Debug|x86.Build.0 = Debug|Any CPU
		{5A1C4C04-4D5E-DAE1-EED9-2F5AE0CA35DD}.Release|Any CPU.ActiveCfg = Release|Any CPU
		{5A1C4C04-4D5E-DAE1-EED9-2F5AE0CA35DD}.Release|Any CPU.Build.0 = Release|Any CPU
		{5A1C4C04-4D5E-DAE1-EED9-2F5AE0CA35DD}.Release|x64.ActiveCfg = Release|Any CPU
		{5A1C4C04-4D5E-DAE1-EED9-2F5AE0CA35DD}.Release|x64.Build.0 = Release|Any CPU
		{5A1C4C04-4D5E-DAE1-EED9-2F5AE0CA35DD}.Release|x86.ActiveCfg = Release|Any CPU
		{5A1C4C04-4D5E-DAE1-EED9-2F5AE0CA35DD}.Release|x86.Build.0 = Release|Any CPU
		{E7F665E4-E993-0A28-21A5-15105DA9D386}.Debug|Any CPU.ActiveCfg = Debug|Any CPU
		{E7F665E4-E993-0A28-21A5-15105DA9D386}.Debug|Any CPU.Build.0 = Debug|Any CPU
		{E7F665E4-E993-0A28-21A5-15105DA9D386}.Debug|x64.ActiveCfg = Debug|Any CPU
		{E7F665E4-E993-0A28-21A5-15105DA9D386}.Debug|x64.Build.0 = Debug|Any CPU
		{E7F665E4-E993-0A28-21A5-15105DA9D386}.Debug|x86.ActiveCfg = Debug|Any CPU
		{E7F665E4-E993-0A28-21A5-15105DA9D386}.Debug|x86.Build.0 = Debug|Any CPU
		{E7F665E4-E993-0A28-21A5-15105DA9D386}.Release|Any CPU.ActiveCfg = Release|Any CPU
		{E7F665E4-E993-0A28-21A5-15105DA9D386}.Release|Any CPU.Build.0 = Release|Any CPU
		{E7F665E4-E993-0A28-21A5-15105DA9D386}.Release|x64.ActiveCfg = Release|Any CPU
		{E7F665E4-E993-0A28-21A5-15105DA9D386}.Release|x64.Build.0 = Release|Any CPU
		{E7F665E4-E993-0A28-21A5-15105DA9D386}.Release|x86.ActiveCfg = Release|Any CPU
		{E7F665E4-E993-0A28-21A5-15105DA9D386}.Release|x86.Build.0 = Release|Any CPU
		{D319446D-F0A8-AF32-5DCC-20DF5EEF7AFC}.Debug|Any CPU.ActiveCfg = Debug|Any CPU
		{D319446D-F0A8-AF32-5DCC-20DF5EEF7AFC}.Debug|Any CPU.Build.0 = Debug|Any CPU
		{D319446D-F0A8-AF32-5DCC-20DF5EEF7AFC}.Debug|x64.ActiveCfg = Debug|Any CPU
		{D319446D-F0A8-AF32-5DCC-20DF5EEF7AFC}.Debug|x64.Build.0 = Debug|Any CPU
		{D319446D-F0A8-AF32-5DCC-20DF5EEF7AFC}.Debug|x86.ActiveCfg = Debug|Any CPU
		{D319446D-F0A8-AF32-5DCC-20DF5EEF7AFC}.Debug|x86.Build.0 = Debug|Any CPU
		{D319446D-F0A8-AF32-5DCC-20DF5EEF7AFC}.Release|Any CPU.ActiveCfg = Release|Any CPU
		{D319446D-F0A8-AF32-5DCC-20DF5EEF7AFC}.Release|Any CPU.Build.0 = Release|Any CPU
		{D319446D-F0A8-AF32-5DCC-20DF5EEF7AFC}.Release|x64.ActiveCfg = Release|Any CPU
		{D319446D-F0A8-AF32-5DCC-20DF5EEF7AFC}.Release|x64.Build.0 = Release|Any CPU
		{D319446D-F0A8-AF32-5DCC-20DF5EEF7AFC}.Release|x86.ActiveCfg = Release|Any CPU
		{D319446D-F0A8-AF32-5DCC-20DF5EEF7AFC}.Release|x86.Build.0 = Release|Any CPU
		{A311EE78-B991-49BD-88E7-B792515C2C24}.Debug|Any CPU.ActiveCfg = Debug|Any CPU
		{A311EE78-B991-49BD-88E7-B792515C2C24}.Debug|Any CPU.Build.0 = Debug|Any CPU
		{A311EE78-B991-49BD-88E7-B792515C2C24}.Debug|x64.ActiveCfg = Debug|Any CPU
		{A311EE78-B991-49BD-88E7-B792515C2C24}.Debug|x64.Build.0 = Debug|Any CPU
		{A311EE78-B991-49BD-88E7-B792515C2C24}.Debug|x86.ActiveCfg = Debug|Any CPU
		{A311EE78-B991-49BD-88E7-B792515C2C24}.Debug|x86.Build.0 = Debug|Any CPU
		{A311EE78-B991-49BD-88E7-B792515C2C24}.Release|Any CPU.ActiveCfg = Release|Any CPU
		{A311EE78-B991-49BD-88E7-B792515C2C24}.Release|Any CPU.Build.0 = Release|Any CPU
		{A311EE78-B991-49BD-88E7-B792515C2C24}.Release|x64.ActiveCfg = Release|Any CPU
		{A311EE78-B991-49BD-88E7-B792515C2C24}.Release|x64.Build.0 = Release|Any CPU
		{A311EE78-B991-49BD-88E7-B792515C2C24}.Release|x86.ActiveCfg = Release|Any CPU
		{A311EE78-B991-49BD-88E7-B792515C2C24}.Release|x86.Build.0 = Release|Any CPU
		{05EDFEE5-4FED-4B6C-8A9E-665EB461DEAA}.Debug|Any CPU.ActiveCfg = Debug|Any CPU
		{05EDFEE5-4FED-4B6C-8A9E-665EB461DEAA}.Debug|Any CPU.Build.0 = Debug|Any CPU
		{05EDFEE5-4FED-4B6C-8A9E-665EB461DEAA}.Debug|x64.ActiveCfg = Debug|Any CPU
		{05EDFEE5-4FED-4B6C-8A9E-665EB461DEAA}.Debug|x64.Build.0 = Debug|Any CPU
		{05EDFEE5-4FED-4B6C-8A9E-665EB461DEAA}.Debug|x86.ActiveCfg = Debug|Any CPU
		{05EDFEE5-4FED-4B6C-8A9E-665EB461DEAA}.Debug|x86.Build.0 = Debug|Any CPU
		{05EDFEE5-4FED-4B6C-8A9E-665EB461DEAA}.Release|Any CPU.ActiveCfg = Release|Any CPU
		{05EDFEE5-4FED-4B6C-8A9E-665EB461DEAA}.Release|Any CPU.Build.0 = Release|Any CPU
		{05EDFEE5-4FED-4B6C-8A9E-665EB461DEAA}.Release|x64.ActiveCfg = Release|Any CPU
		{05EDFEE5-4FED-4B6C-8A9E-665EB461DEAA}.Release|x64.Build.0 = Release|Any CPU
		{05EDFEE5-4FED-4B6C-8A9E-665EB461DEAA}.Release|x86.ActiveCfg = Release|Any CPU
		{05EDFEE5-4FED-4B6C-8A9E-665EB461DEAA}.Release|x86.Build.0 = Release|Any CPU
		{5F1907A3-C6F4-E709-259B-075773F607AA}.Debug|Any CPU.ActiveCfg = Debug|Any CPU
		{5F1907A3-C6F4-E709-259B-075773F607AA}.Debug|Any CPU.Build.0 = Debug|Any CPU
		{5F1907A3-C6F4-E709-259B-075773F607AA}.Debug|x64.ActiveCfg = Debug|Any CPU
		{5F1907A3-C6F4-E709-259B-075773F607AA}.Debug|x64.Build.0 = Debug|Any CPU
		{5F1907A3-C6F4-E709-259B-075773F607AA}.Debug|x86.ActiveCfg = Debug|Any CPU
		{5F1907A3-C6F4-E709-259B-075773F607AA}.Debug|x86.Build.0 = Debug|Any CPU
		{5F1907A3-C6F4-E709-259B-075773F607AA}.Release|Any CPU.ActiveCfg = Release|Any CPU
		{5F1907A3-C6F4-E709-259B-075773F607AA}.Release|Any CPU.Build.0 = Release|Any CPU
		{5F1907A3-C6F4-E709-259B-075773F607AA}.Release|x64.ActiveCfg = Release|Any CPU
		{5F1907A3-C6F4-E709-259B-075773F607AA}.Release|x64.Build.0 = Release|Any CPU
		{5F1907A3-C6F4-E709-259B-075773F607AA}.Release|x86.ActiveCfg = Release|Any CPU
		{5F1907A3-C6F4-E709-259B-075773F607AA}.Release|x86.Build.0 = Release|Any CPU
		{2CFB3019-5000-49BF-B843-6342706AD3D0}.Debug|Any CPU.ActiveCfg = Debug|Any CPU
		{2CFB3019-5000-49BF-B843-6342706AD3D0}.Debug|Any CPU.Build.0 = Debug|Any CPU
		{2CFB3019-5000-49BF-B843-6342706AD3D0}.Debug|x64.ActiveCfg = Debug|Any CPU
		{2CFB3019-5000-49BF-B843-6342706AD3D0}.Debug|x64.Build.0 = Debug|Any CPU
		{2CFB3019-5000-49BF-B843-6342706AD3D0}.Debug|x86.ActiveCfg = Debug|Any CPU
		{2CFB3019-5000-49BF-B843-6342706AD3D0}.Debug|x86.Build.0 = Debug|Any CPU
		{2CFB3019-5000-49BF-B843-6342706AD3D0}.Release|Any CPU.ActiveCfg = Release|Any CPU
		{2CFB3019-5000-49BF-B843-6342706AD3D0}.Release|Any CPU.Build.0 = Release|Any CPU
		{2CFB3019-5000-49BF-B843-6342706AD3D0}.Release|x64.ActiveCfg = Release|Any CPU
		{2CFB3019-5000-49BF-B843-6342706AD3D0}.Release|x64.Build.0 = Release|Any CPU
		{2CFB3019-5000-49BF-B843-6342706AD3D0}.Release|x86.ActiveCfg = Release|Any CPU
		{2CFB3019-5000-49BF-B843-6342706AD3D0}.Release|x86.Build.0 = Release|Any CPU
		{25A98065-66F3-484B-9109-9F7FB71B1164}.Debug|Any CPU.ActiveCfg = Debug|Any CPU
		{25A98065-66F3-484B-9109-9F7FB71B1164}.Debug|Any CPU.Build.0 = Debug|Any CPU
		{25A98065-66F3-484B-9109-9F7FB71B1164}.Debug|x64.ActiveCfg = Debug|Any CPU
		{25A98065-66F3-484B-9109-9F7FB71B1164}.Debug|x64.Build.0 = Debug|Any CPU
		{25A98065-66F3-484B-9109-9F7FB71B1164}.Debug|x86.ActiveCfg = Debug|Any CPU
		{25A98065-66F3-484B-9109-9F7FB71B1164}.Debug|x86.Build.0 = Debug|Any CPU
		{25A98065-66F3-484B-9109-9F7FB71B1164}.Release|Any CPU.ActiveCfg = Release|Any CPU
		{25A98065-66F3-484B-9109-9F7FB71B1164}.Release|Any CPU.Build.0 = Release|Any CPU
		{25A98065-66F3-484B-9109-9F7FB71B1164}.Release|x64.ActiveCfg = Release|Any CPU
		{25A98065-66F3-484B-9109-9F7FB71B1164}.Release|x64.Build.0 = Release|Any CPU
		{25A98065-66F3-484B-9109-9F7FB71B1164}.Release|x86.ActiveCfg = Release|Any CPU
		{25A98065-66F3-484B-9109-9F7FB71B1164}.Release|x86.Build.0 = Release|Any CPU
		{B5D25186-C2E6-4A06-B0BD-95A28B870F91}.Debug|Any CPU.ActiveCfg = Debug|Any CPU
		{B5D25186-C2E6-4A06-B0BD-95A28B870F91}.Debug|Any CPU.Build.0 = Debug|Any CPU
		{B5D25186-C2E6-4A06-B0BD-95A28B870F91}.Debug|x64.ActiveCfg = Debug|Any CPU
		{B5D25186-C2E6-4A06-B0BD-95A28B870F91}.Debug|x64.Build.0 = Debug|Any CPU
		{B5D25186-C2E6-4A06-B0BD-95A28B870F91}.Debug|x86.ActiveCfg = Debug|Any CPU
		{B5D25186-C2E6-4A06-B0BD-95A28B870F91}.Debug|x86.Build.0 = Debug|Any CPU
		{B5D25186-C2E6-4A06-B0BD-95A28B870F91}.Release|Any CPU.ActiveCfg = Release|Any CPU
		{B5D25186-C2E6-4A06-B0BD-95A28B870F91}.Release|Any CPU.Build.0 = Release|Any CPU
		{B5D25186-C2E6-4A06-B0BD-95A28B870F91}.Release|x64.ActiveCfg = Release|Any CPU
		{B5D25186-C2E6-4A06-B0BD-95A28B870F91}.Release|x64.Build.0 = Release|Any CPU
		{B5D25186-C2E6-4A06-B0BD-95A28B870F91}.Release|x86.ActiveCfg = Release|Any CPU
		{B5D25186-C2E6-4A06-B0BD-95A28B870F91}.Release|x86.Build.0 = Release|Any CPU
		{ECFDEFBF-9E78-40BC-86F7-97316A640D02}.Debug|Any CPU.ActiveCfg = Debug|Any CPU
		{ECFDEFBF-9E78-40BC-86F7-97316A640D02}.Debug|Any CPU.Build.0 = Debug|Any CPU
		{ECFDEFBF-9E78-40BC-86F7-97316A640D02}.Debug|x64.ActiveCfg = Debug|Any CPU
		{ECFDEFBF-9E78-40BC-86F7-97316A640D02}.Debug|x64.Build.0 = Debug|Any CPU
		{ECFDEFBF-9E78-40BC-86F7-97316A640D02}.Debug|x86.ActiveCfg = Debug|Any CPU
		{ECFDEFBF-9E78-40BC-86F7-97316A640D02}.Debug|x86.Build.0 = Debug|Any CPU
		{ECFDEFBF-9E78-40BC-86F7-97316A640D02}.Release|Any CPU.ActiveCfg = Release|Any CPU
		{ECFDEFBF-9E78-40BC-86F7-97316A640D02}.Release|Any CPU.Build.0 = Release|Any CPU
		{ECFDEFBF-9E78-40BC-86F7-97316A640D02}.Release|x64.ActiveCfg = Release|Any CPU
		{ECFDEFBF-9E78-40BC-86F7-97316A640D02}.Release|x64.Build.0 = Release|Any CPU
		{ECFDEFBF-9E78-40BC-86F7-97316A640D02}.Release|x86.ActiveCfg = Release|Any CPU
		{ECFDEFBF-9E78-40BC-86F7-97316A640D02}.Release|x86.Build.0 = Release|Any CPU
		{CCFDC7B0-9990-8B8C-778B-9D3AD1666F29}.Debug|Any CPU.ActiveCfg = Debug|Any CPU
		{CCFDC7B0-9990-8B8C-778B-9D3AD1666F29}.Debug|Any CPU.Build.0 = Debug|Any CPU
		{CCFDC7B0-9990-8B8C-778B-9D3AD1666F29}.Debug|x64.ActiveCfg = Debug|Any CPU
		{CCFDC7B0-9990-8B8C-778B-9D3AD1666F29}.Debug|x64.Build.0 = Debug|Any CPU
		{CCFDC7B0-9990-8B8C-778B-9D3AD1666F29}.Debug|x86.ActiveCfg = Debug|Any CPU
		{CCFDC7B0-9990-8B8C-778B-9D3AD1666F29}.Debug|x86.Build.0 = Debug|Any CPU
		{CCFDC7B0-9990-8B8C-778B-9D3AD1666F29}.Release|Any CPU.ActiveCfg = Release|Any CPU
		{CCFDC7B0-9990-8B8C-778B-9D3AD1666F29}.Release|Any CPU.Build.0 = Release|Any CPU
		{CCFDC7B0-9990-8B8C-778B-9D3AD1666F29}.Release|x64.ActiveCfg = Release|Any CPU
		{CCFDC7B0-9990-8B8C-778B-9D3AD1666F29}.Release|x64.Build.0 = Release|Any CPU
		{CCFDC7B0-9990-8B8C-778B-9D3AD1666F29}.Release|x86.ActiveCfg = Release|Any CPU
		{CCFDC7B0-9990-8B8C-778B-9D3AD1666F29}.Release|x86.Build.0 = Release|Any CPU
		{BF54E1A6-CE03-273B-5964-0BD1E98D3185}.Debug|Any CPU.ActiveCfg = Debug|Any CPU
		{BF54E1A6-CE03-273B-5964-0BD1E98D3185}.Debug|Any CPU.Build.0 = Debug|Any CPU
		{BF54E1A6-CE03-273B-5964-0BD1E98D3185}.Debug|x64.ActiveCfg = Debug|Any CPU
		{BF54E1A6-CE03-273B-5964-0BD1E98D3185}.Debug|x64.Build.0 = Debug|Any CPU
		{BF54E1A6-CE03-273B-5964-0BD1E98D3185}.Debug|x86.ActiveCfg = Debug|Any CPU
		{BF54E1A6-CE03-273B-5964-0BD1E98D3185}.Debug|x86.Build.0 = Debug|Any CPU
		{BF54E1A6-CE03-273B-5964-0BD1E98D3185}.Release|Any CPU.ActiveCfg = Release|Any CPU
		{BF54E1A6-CE03-273B-5964-0BD1E98D3185}.Release|Any CPU.Build.0 = Release|Any CPU
		{BF54E1A6-CE03-273B-5964-0BD1E98D3185}.Release|x64.ActiveCfg = Release|Any CPU
		{BF54E1A6-CE03-273B-5964-0BD1E98D3185}.Release|x64.Build.0 = Release|Any CPU
		{BF54E1A6-CE03-273B-5964-0BD1E98D3185}.Release|x86.ActiveCfg = Release|Any CPU
		{BF54E1A6-CE03-273B-5964-0BD1E98D3185}.Release|x86.Build.0 = Release|Any CPU
		{F37CCE7F-A958-DEC8-E5DF-A6E968A179F0}.Debug|Any CPU.ActiveCfg = Debug|Any CPU
		{F37CCE7F-A958-DEC8-E5DF-A6E968A179F0}.Debug|Any CPU.Build.0 = Debug|Any CPU
		{F37CCE7F-A958-DEC8-E5DF-A6E968A179F0}.Debug|x64.ActiveCfg = Debug|Any CPU
		{F37CCE7F-A958-DEC8-E5DF-A6E968A179F0}.Debug|x64.Build.0 = Debug|Any CPU
		{F37CCE7F-A958-DEC8-E5DF-A6E968A179F0}.Debug|x86.ActiveCfg = Debug|Any CPU
		{F37CCE7F-A958-DEC8-E5DF-A6E968A179F0}.Debug|x86.Build.0 = Debug|Any CPU
		{F37CCE7F-A958-DEC8-E5DF-A6E968A179F0}.Release|Any CPU.ActiveCfg = Release|Any CPU
		{F37CCE7F-A958-DEC8-E5DF-A6E968A179F0}.Release|Any CPU.Build.0 = Release|Any CPU
		{F37CCE7F-A958-DEC8-E5DF-A6E968A179F0}.Release|x64.ActiveCfg = Release|Any CPU
		{F37CCE7F-A958-DEC8-E5DF-A6E968A179F0}.Release|x64.Build.0 = Release|Any CPU
		{F37CCE7F-A958-DEC8-E5DF-A6E968A179F0}.Release|x86.ActiveCfg = Release|Any CPU
		{F37CCE7F-A958-DEC8-E5DF-A6E968A179F0}.Release|x86.Build.0 = Release|Any CPU
		{2908182D-5647-5FF6-12B6-5FD0BA5D61C7}.Debug|Any CPU.ActiveCfg = Debug|Any CPU
		{2908182D-5647-5FF6-12B6-5FD0BA5D61C7}.Debug|Any CPU.Build.0 = Debug|Any CPU
		{2908182D-5647-5FF6-12B6-5FD0BA5D61C7}.Debug|x64.ActiveCfg = Debug|Any CPU
		{2908182D-5647-5FF6-12B6-5FD0BA5D61C7}.Debug|x64.Build.0 = Debug|Any CPU
		{2908182D-5647-5FF6-12B6-5FD0BA5D61C7}.Debug|x86.ActiveCfg = Debug|Any CPU
		{2908182D-5647-5FF6-12B6-5FD0BA5D61C7}.Debug|x86.Build.0 = Debug|Any CPU
		{2908182D-5647-5FF6-12B6-5FD0BA5D61C7}.Release|Any CPU.ActiveCfg = Release|Any CPU
		{2908182D-5647-5FF6-12B6-5FD0BA5D61C7}.Release|Any CPU.Build.0 = Release|Any CPU
		{2908182D-5647-5FF6-12B6-5FD0BA5D61C7}.Release|x64.ActiveCfg = Release|Any CPU
		{2908182D-5647-5FF6-12B6-5FD0BA5D61C7}.Release|x64.Build.0 = Release|Any CPU
		{2908182D-5647-5FF6-12B6-5FD0BA5D61C7}.Release|x86.ActiveCfg = Release|Any CPU
		{2908182D-5647-5FF6-12B6-5FD0BA5D61C7}.Release|x86.Build.0 = Release|Any CPU
		{46D57208-AB87-1161-1E91-6765217F4424}.Debug|Any CPU.ActiveCfg = Debug|Any CPU
		{46D57208-AB87-1161-1E91-6765217F4424}.Debug|Any CPU.Build.0 = Debug|Any CPU
		{46D57208-AB87-1161-1E91-6765217F4424}.Debug|x64.ActiveCfg = Debug|Any CPU
		{46D57208-AB87-1161-1E91-6765217F4424}.Debug|x64.Build.0 = Debug|Any CPU
		{46D57208-AB87-1161-1E91-6765217F4424}.Debug|x86.ActiveCfg = Debug|Any CPU
		{46D57208-AB87-1161-1E91-6765217F4424}.Debug|x86.Build.0 = Debug|Any CPU
		{46D57208-AB87-1161-1E91-6765217F4424}.Release|Any CPU.ActiveCfg = Release|Any CPU
		{46D57208-AB87-1161-1E91-6765217F4424}.Release|Any CPU.Build.0 = Release|Any CPU
		{46D57208-AB87-1161-1E91-6765217F4424}.Release|x64.ActiveCfg = Release|Any CPU
		{46D57208-AB87-1161-1E91-6765217F4424}.Release|x64.Build.0 = Release|Any CPU
		{46D57208-AB87-1161-1E91-6765217F4424}.Release|x86.ActiveCfg = Release|Any CPU
		{46D57208-AB87-1161-1E91-6765217F4424}.Release|x86.Build.0 = Release|Any CPU
	EndGlobalSection
	GlobalSection(SolutionProperties) = preSolution
		HideSolutionNode = FALSE
	EndGlobalSection
	GlobalSection(NestedProjects) = preSolution
		{7B6E8F93-BF85-49B1-AC10-0B325BBC3E0A} = {8575CE18-ABF9-494C-9232-43E0F1E9BCE7}
		{87DE2B59-5AD1-E95D-0E65-F0B3F88012BF} = {02EA681E-C7D8-13C7-8484-4AC65E1B71E8}
		{5D091ADC-734A-965F-1D1B-E1B33540D2D6} = {02EA681E-C7D8-13C7-8484-4AC65E1B71E8}
		{6FE2DE0E-97C9-4486-B664-90E8B45BC4CD} = {6ED98344-E90A-44C5-8EB8-CBA5F48FF975}
		{F06E1486-567B-281E-CBD1-BDE154B62599} = {02EA681E-C7D8-13C7-8484-4AC65E1B71E8}
		{25398AD3-8976-32C9-1147-CD22CDD1B5C0} = {02EA681E-C7D8-13C7-8484-4AC65E1B71E8}
		{E3AF9742-7FC1-4A2C-A84D-C8F5A189E30F} = {02EA681E-C7D8-13C7-8484-4AC65E1B71E8}
		{398DEAA0-9E0F-4671-B497-61BE1B85763E} = {8575CE18-ABF9-494C-9232-43E0F1E9BCE7}
		{5EF25934-E5E3-46A1-B942-165DD7A2F6A5} = {6ED98344-E90A-44C5-8EB8-CBA5F48FF975}
		{7B0A9702-3AE8-4483-B448-460AE6D708FB} = {8575CE18-ABF9-494C-9232-43E0F1E9BCE7}
		{74667034-0353-8731-5FF8-B3021C1CC1EF} = {02EA681E-C7D8-13C7-8484-4AC65E1B71E8}
		{3F619944-0D40-90AC-7C72-2FB8130468E1} = {6ED98344-E90A-44C5-8EB8-CBA5F48FF975}
		{5A1C4C04-4D5E-DAE1-EED9-2F5AE0CA35DD} = {B3B94A11-FCE0-4D1F-87FE-48720F74920D}
		{E7F665E4-E993-0A28-21A5-15105DA9D386} = {B3B94A11-FCE0-4D1F-87FE-48720F74920D}
		{D319446D-F0A8-AF32-5DCC-20DF5EEF7AFC} = {B3B94A11-FCE0-4D1F-87FE-48720F74920D}
		{B3B94A11-FCE0-4D1F-87FE-48720F74920D} = {6ED98344-E90A-44C5-8EB8-CBA5F48FF975}
		{A311EE78-B991-49BD-88E7-B792515C2C24} = {6ED98344-E90A-44C5-8EB8-CBA5F48FF975}
		{05EDFEE5-4FED-4B6C-8A9E-665EB461DEAA} = {4F600471-D58C-4C2C-89DF-1166AFF08905}
		{5F1907A3-C6F4-E709-259B-075773F607AA} = {02EA681E-C7D8-13C7-8484-4AC65E1B71E8}
		{2CFB3019-5000-49BF-B843-6342706AD3D0} = {02EA681E-C7D8-13C7-8484-4AC65E1B71E8}
		{25A98065-66F3-484B-9109-9F7FB71B1164} = {8575CE18-ABF9-494C-9232-43E0F1E9BCE7}
		{B5D25186-C2E6-4A06-B0BD-95A28B870F91} = {4F600471-D58C-4C2C-89DF-1166AFF08905}
		{ECFDEFBF-9E78-40BC-86F7-97316A640D02} = {4F600471-D58C-4C2C-89DF-1166AFF08905}
		{CCFDC7B0-9990-8B8C-778B-9D3AD1666F29} = {6ED98344-E90A-44C5-8EB8-CBA5F48FF975}
		{627ECFD0-E9A1-425A-B3AE-3803C7AC92EC} = {C9B2828B-DAC4-4D99-B75E-890596A0B988}
		{F66CB214-77BC-4202-95DC-AF4DD1703C43} = {C9B2828B-DAC4-4D99-B75E-890596A0B988}
		{A3DE0DB1-7DC9-444B-8EFC-AEB65C273F7F} = {C9B2828B-DAC4-4D99-B75E-890596A0B988}
		{024B4E02-DE89-4C56-A64D-C9FDE0EE8C82} = {A3DE0DB1-7DC9-444B-8EFC-AEB65C273F7F}
		{4C83C951-031C-4109-AEC5-6746CCD3F4DC} = {4F600471-D58C-4C2C-89DF-1166AFF08905}
		{BF54E1A6-CE03-273B-5964-0BD1E98D3185} = {4C83C951-031C-4109-AEC5-6746CCD3F4DC}
		{F37CCE7F-A958-DEC8-E5DF-A6E968A179F0} = {4C83C951-031C-4109-AEC5-6746CCD3F4DC}
		{2908182D-5647-5FF6-12B6-5FD0BA5D61C7} = {02EA681E-C7D8-13C7-8484-4AC65E1B71E8}
		{46D57208-AB87-1161-1E91-6765217F4424} = {4F600471-D58C-4C2C-89DF-1166AFF08905}
	EndGlobalSection
	GlobalSection(ExtensibilityGlobals) = postSolution
		SolutionGuid = {65B3BAD7-920D-4EBC-B47B-01164C7E4AF1}
	EndGlobalSection
EndGlobal
